
Microsoft Visual Studio Solution File, Format Version 12.00
# Visual Studio 2017
Project("{FAE04EC0-301F-11D3-BF4B-00C04F79EFBC}") = "TheBrig", "TheBrig.csproj", "{7CC0EA70-CCEB-E1B1-CBD4-6E349E0E5059}"
EndProject
Project("{FAE04EC0-301F-11D3-BF4B-00C04F79EFBC}") = "TheBrig.Plugins", "TheBrig.Plugins.csproj", "{8E20FA10-103D-C862-743B-18A1FB019E7B}"
EndProject
Project("{FAE04EC0-301F-11D3-BF4B-00C04F79EFBC}") = "TheBrig.Editor.Plugins", "TheBrig.Editor.Plugins.csproj", "{BC7A3F82-A1E2-87F1-237E-73529E69AF61}"
EndProject
Project("{FAE04EC0-301F-11D3-BF4B-00C04F79EFBC}") = "Unity.PackageManagerUI.Editor", "Unity.PackageManagerUI.Editor.csproj", "{6877705C-FBD9-0C4F-5AFB-6FB431E5D39D}"
EndProject
Project("{FAE04EC0-301F-11D3-BF4B-00C04F79EFBC}") = "TheBrig.Editor", "TheBrig.Editor.csproj", "{8B522FC8-43B6-A7B8-3916-D356FB9820FC}"
EndProject
Project("{FAE04EC0-301F-11D3-BF4B-00C04F79EFBC}") = "UnityEditor.StandardEvents", "UnityEditor.StandardEvents.csproj", "{6800202F-4402-D405-F8CB-03DC7BD78B92}"
EndProject
Global
	GlobalSection(SolutionConfigurationPlatforms) = preSolution
		Debug|Any CPU = Debug|Any CPU
		Release|Any CPU = Release|Any CPU
	EndGlobalSection
	GlobalSection(ProjectConfigurationPlatforms) = postSolution
		{7CC0EA70-CCEB-E1B1-CBD4-6E349E0E5059}.Debug|Any CPU.ActiveCfg = Debug|Any CPU
		{7CC0EA70-CCEB-E1B1-CBD4-6E349E0E5059}.Debug|Any CPU.Build.0 = Debug|Any CPU
		{7CC0EA70-CCEB-E1B1-CBD4-6E349E0E5059}.Release|Any CPU.ActiveCfg = Release|Any CPU
		{7CC0EA70-CCEB-E1B1-CBD4-6E349E0E5059}.Release|Any CPU.Build.0 = Release|Any CPU
		{8E20FA10-103D-C862-743B-18A1FB019E7B}.Debug|Any CPU.ActiveCfg = Debug|Any CPU
		{8E20FA10-103D-C862-743B-18A1FB019E7B}.Debug|Any CPU.Build.0 = Debug|Any CPU
		{8E20FA10-103D-C862-743B-18A1FB019E7B}.Release|Any CPU.ActiveCfg = Release|Any CPU
		{8E20FA10-103D-C862-743B-18A1FB019E7B}.Release|Any CPU.Build.0 = Release|Any CPU
		{BC7A3F82-A1E2-87F1-237E-73529E69AF61}.Debug|Any CPU.ActiveCfg = Debug|Any CPU
		{BC7A3F82-A1E2-87F1-237E-73529E69AF61}.Debug|Any CPU.Build.0 = Debug|Any CPU
		{BC7A3F82-A1E2-87F1-237E-73529E69AF61}.Release|Any CPU.ActiveCfg = Release|Any CPU
		{BC7A3F82-A1E2-87F1-237E-73529E69AF61}.Release|Any CPU.Build.0 = Release|Any CPU
		{6877705C-FBD9-0C4F-5AFB-6FB431E5D39D}.Debug|Any CPU.ActiveCfg = Debug|Any CPU
		{6877705C-FBD9-0C4F-5AFB-6FB431E5D39D}.Debug|Any CPU.Build.0 = Debug|Any CPU
		{6877705C-FBD9-0C4F-5AFB-6FB431E5D39D}.Release|Any CPU.ActiveCfg = Release|Any CPU
		{6877705C-FBD9-0C4F-5AFB-6FB431E5D39D}.Release|Any CPU.Build.0 = Release|Any CPU
		{8B522FC8-43B6-A7B8-3916-D356FB9820FC}.Debug|Any CPU.ActiveCfg = Debug|Any CPU
		{8B522FC8-43B6-A7B8-3916-D356FB9820FC}.Debug|Any CPU.Build.0 = Debug|Any CPU
		{8B522FC8-43B6-A7B8-3916-D356FB9820FC}.Release|Any CPU.ActiveCfg = Release|Any CPU
		{8B522FC8-43B6-A7B8-3916-D356FB9820FC}.Release|Any CPU.Build.0 = Release|Any CPU
		{6800202F-4402-D405-F8CB-03DC7BD78B92}.Debug|Any CPU.ActiveCfg = Debug|Any CPU
		{6800202F-4402-D405-F8CB-03DC7BD78B92}.Debug|Any CPU.Build.0 = Debug|Any CPU
		{6800202F-4402-D405-F8CB-03DC7BD78B92}.Release|Any CPU.ActiveCfg = Release|Any CPU
		{6800202F-4402-D405-F8CB-03DC7BD78B92}.Release|Any CPU.Build.0 = Release|Any CPU
	EndGlobalSection
	GlobalSection(SolutionProperties) = preSolution
		HideSolutionNode = FALSE
	EndGlobalSection
EndGlobal
